Microsoft Visual Studio Solution File, Format Version 12.00
# Visual Studio Version 17
VisualStudioVersion = 17.5.2.0
MinimumVisualStudioVersion = 10.0.40219.1
Project("{FAE04EC0-301F-11D3-BF4B-00C04F79EFBC}") = "SharpSnes", "SharpSnes.csproj", "{A6A54E49-BBFB-C0F7-B321-3C95EB758D8E}"
EndProject
Global
	GlobalSection(SolutionConfigurationPlatforms) = preSolution
		Debug|Any CPU = Debug|Any CPU
		Release|Any CPU = Release|Any CPU
	EndGlobalSection
	GlobalSection(ProjectConfigurationPlatforms) = postSolution
		{A6A54E49-BBFB-C0F7-B321-3C95EB758D8E}.Debug|Any CPU.ActiveCfg = Debug|Any CPU
		{A6A54E49-BBFB-C0F7-B321-3C95EB758D8E}.Debug|Any CPU.Build.0 = Debug|Any CPU
		{A6A54E49-BBFB-C0F7-B321-3C95EB758D8E}.Release|Any CPU.ActiveCfg = Release|Any CPU
		{A6A54E49-BBFB-C0F7-B321-3C95EB758D8E}.Release|Any CPU.Build.0 = Release|Any CPU
	EndGlobalSection
	GlobalSection(SolutionProperties) = preSolution
		HideSolutionNode = FALSE
	EndGlobalSection
	GlobalSection(ExtensibilityGlobals) = postSolution
		SolutionGuid = {6485CEAA-9F9D-4CD4-B25A-C23204410FBB}
	EndGlobalSection
EndGlobal
